#include <iostream>

void fillArray(int** arr, int numRows, int numCols) {
    std::srand(time(nullptr)); 
    for (int i = 0; i < numRows; ++i) {
        for (int j = 0; j < numCols; ++j) {
            arr[i][j] = rand() % 100 + 1;
        }
    }
}

void showArray(int** arr, int numRows, int numCols) {
    for (int i = 0; i < numRows; ++i) {
        for (int j = 0; j < numCols; ++j) {
            std::cout << arr[i][j] << " ";
        }
        std::cout << '\n';
    }
}

int sumOfMainDiagonalElements(int** arr, int size) {
    int sum = 0;
    for (int i = 0; i < size; ++i) {
        sum += arr[i][i];
    }
    return sum;
}


int main() {
    int numRows, numCols;
    
    std::cout << "Enter number of rows: ";
    std::cin >> numRows;
    std::cout << "Enter number of cols: ";
    std::cin >> numCols;

    int** array = new int* [numRows];
    for (int i = 0; i < numRows; ++i) {
        array[i] = new int[numCols];
    }

    fillArray(array, numRows, numCols);
    std::cout << "The array: " << '\n';
    showArray(array, numRows, numCols);

    
    int sum = sumOfMainDiagonalElements(array, numRows);
    std::cout << "Sum of elements on the main diagnol equals to: " << sum << '\n';

    for (int i = 0; i < numRows; ++i) {
        delete[] array[i];
    }
    delete[] array;

    return 0;
}
